
Microsoft Visual Studio Solution File, Format Version 12.00
# Visual Studio Version 16
VisualStudioVersion = 16.0.30114.105
MinimumVisualStudioVersion = 10.0.40219.1
Project("{FAE04EC0-301F-11D3-BF4B-00C04F79EFBC}") = "One", "One\One.csproj", "{BAAC62FE-3D0C-4A70-B5CD-A63313CD836D}"
EndProject
Project("{FAE04EC0-301F-11D3-BF4B-00C04F79EFBC}") = "Two", "Two\Two.csproj", "{AE002C59-3448-4DDF-A84E-9D177545EB01}"
EndProject
Global
	GlobalSection(SolutionConfigurationPlatforms) = preSolution
		Debug|Any CPU = Debug|Any CPU
		Release|Any CPU = Release|Any CPU
	EndGlobalSection
	GlobalSection(SolutionProperties) = preSolution
		HideSolutionNode = FALSE
	EndGlobalSection
	GlobalSection(ProjectConfigurationPlatforms) = postSolution
		{BAAC62FE-3D0C-4A70-B5CD-A63313CD836D}.Debug|Any CPU.ActiveCfg = Debug|Any CPU
		{BAAC62FE-3D0C-4A70-B5CD-A63313CD836D}.Debug|Any CPU.Build.0 = Debug|Any CPU
		{BAAC62FE-3D0C-4A70-B5CD-A63313CD836D}.Release|Any CPU.ActiveCfg = Release|Any CPU
		{BAAC62FE-3D0C-4A70-B5CD-A63313CD836D}.Release|Any CPU.Build.0 = Release|Any CPU
		{AE002C59-3448-4DDF-A84E-9D177545EB01}.Debug|Any CPU.ActiveCfg = Debug|Any CPU
		{AE002C59-3448-4DDF-A84E-9D177545EB01}.Debug|Any CPU.Build.0 = Debug|Any CPU
		{AE002C59-3448-4DDF-A84E-9D177545EB01}.Release|Any CPU.ActiveCfg = Release|Any CPU
		{AE002C59-3448-4DDF-A84E-9D177545EB01}.Release|Any CPU.Build.0 = Release|Any CPU
	EndGlobalSection
EndGlobal
